
Microsoft Visual Studio Solution File, Format Version 12.00
# Visual Studio Version 16
VisualStudioVersion = 16.0.30717.126
MinimumVisualStudioVersion = 10.0.40219.1
Project("{FAE04EC0-301F-11D3-BF4B-00C04F79EFBC}") = "LoginWindowsForm", "LoginWindowsForm\LoginWindowsForm.csproj", "{DF7252C1-5E43-48DB-AC9F-74346E8F5E69}"
EndProject
Global
	GlobalSection(SolutionConfigurationPlatforms) = preSolution
		Debug|Any CPU = Debug|Any CPU
		Release|Any CPU = Release|Any CPU
	EndGlobalSection
	GlobalSection(ProjectConfigurationPlatforms) = postSolution
		{DF7252C1-5E43-48DB-AC9F-74346E8F5E69}.Debug|Any CPU.ActiveCfg = Debug|Any CPU
		{DF7252C1-5E43-48DB-AC9F-74346E8F5E69}.Debug|Any CPU.Build.0 = Debug|Any CPU
		{DF7252C1-5E43-48DB-AC9F-74346E8F5E69}.Release|Any CPU.ActiveCfg = Release|Any CPU
		{DF7252C1-5E43-48DB-AC9F-74346E8F5E69}.Release|Any CPU.Build.0 = Release|Any CPU
	EndGlobalSection
	GlobalSection(SolutionProperties) = preSolution
		HideSolutionNode = FALSE
	EndGlobalSection
	GlobalSection(ExtensibilityGlobals) = postSolution
		SolutionGuid = {2AB428BB-0967-457C-A3D0-2EC8520B01B2}
	EndGlobalSection
EndGlobal
